<?xml version="1.0" encoding="utf-8"?>
<Project ToolsVersion="4.0" xmlns="http://schemas.microsoft.com/developer/msbuild/2003">
  <ItemGroup>
    <Filter Include="Source Files">
      <UniqueIdentifier>{19d7cdfc-3509-4bbb-8f06-1d1504b54339}</UniqueIdentifier>
      <Extensions>cpp;c;cxx;rc;def;r;odl;idl;hpj;bat</Extensions>
    </Filter>
    <Filter Include="Header Files">
      <UniqueIdentifier>{4f91dc49-8f71-4ffe-93f7-88f18e717e77}</UniqueIdentifier>
      <Extensions>h;hpp;hxx;hm;inl</Extensions>
    </Filter>
    <Filter Include="Resource Files">
      <UniqueIdentifier>{ab9a176d-5df5-4db1-82a1-c390b2727039}</UniqueIdentifier>
      <Extensions>ico;cur;bmp;dlg;rc2;rct;bin;rgs;gif;jpg;jpeg;jpe</Extensions>
    </Filter>
  </ItemGroup>
  <ItemGroup>
    <ClCompile Include="aero.cpp">
      <Filter>Source Files</Filter>
    </ClCompile>
    <ClCompile Include="axle.cpp">
      <Filter>Source Files</Filter>
    </ClCompile>
    <ClCompile Include="brake.cpp">
      <Filter>Source Files</Filter>
    </ClCompile>
    <ClCompile Include="car.cpp">
      <Filter>Source Files</Filter>
    </ClCompile>
    <ClCompile Include="categories.cpp">
      <Filter>Source Files</Filter>
    </ClCompile>
    <ClCompile Include="collide.cpp">
      <Filter>Source Files</Filter>
    </ClCompile>
    <ClCompile Include="differential.cpp">
      <Filter>Source Files</Filter>
    </ClCompile>
    <ClCompile Include="engine.cpp">
      <Filter>Source Files</Filter>
    </ClCompile>
    <ClCompile Include="simu.cpp">
      <Filter>Source Files</Filter>
    </ClCompile>
    <ClCompile Include="simuitf.cpp">
      <Filter>Source Files</Filter>
    </ClCompile>
    <ClCompile Include="steer.cpp">
      <Filter>Source Files</Filter>
    </ClCompile>
    <ClCompile Include="susp.cpp">
      <Filter>Source Files</Filter>
    </ClCompile>
    <ClCompile Include="transmission.cpp">
      <Filter>Source Files</Filter>
    </ClCompile>
    <ClCompile Include="wheel.cpp">
      <Filter>Source Files</Filter>
    </ClCompile>
  </ItemGroup>
  <ItemGroup>
    <None Include="simuv2.def">
      <Filter>Source Files</Filter>
    </None>
  </ItemGroup>
  <ItemGroup>
    <ClInclude Include="aero.h">
      <Filter>Header Files</Filter>
    </ClInclude>
    <ClInclude Include="axle.h">
      <Filter>Header Files</Filter>
    </ClInclude>
    <ClInclude Include="brake.h">
      <Filter>Header Files</Filter>
    </ClInclude>
    <ClInclude Include="carstruct.h">
      <Filter>Header Files</Filter>
    </ClInclude>
    <ClInclude Include="differential.h">
      <Filter>Header Files</Filter>
    </ClInclude>
    <ClInclude Include="engine.h">
      <Filter>Header Files</Filter>
    </ClInclude>
    <ClInclude Include="sim.h">
      <Filter>Header Files</Filter>
    </ClInclude>
    <ClInclude Include="steer.h">
      <Filter>Header Files</Filter>
    </ClInclude>
    <ClInclude Include="susp.h">
      <Filter>Header Files</Filter>
    </ClInclude>
    <ClInclude Include="transmission.h">
      <Filter>Header Files</Filter>
    </ClInclude>
    <ClInclude Include="wheel.h">
      <Filter>Header Files</Filter>
    </ClInclude>
  </ItemGroup>
</Project>