<?xml version="1.0" encoding="utf-8"?>
<Project ToolsVersion="4.0" xmlns="http://schemas.microsoft.com/developer/msbuild/2003">
  <ItemGroup>
    <Filter Include="Source Files">
      <UniqueIdentifier>{616b86ec-08a3-410d-97f7-c977153a0d40}</UniqueIdentifier>
      <Extensions>cpp;c;cxx;rc;def;r;odl;idl;hpj;bat</Extensions>
    </Filter>
    <Filter Include="Header Files">
      <UniqueIdentifier>{0742570a-3018-4768-9eb5-40ff2013b8ae}</UniqueIdentifier>
      <Extensions>h;hpp;hxx;hm;inl</Extensions>
    </Filter>
  </ItemGroup>
  <ItemGroup>
    <ClCompile Include="main.cpp">
      <Filter>Source Files</Filter>
    </ClCompile>
    <ClCompile Include="windowsspec.cpp">
      <Filter>Source Files</Filter>
    </ClCompile>
  </ItemGroup>
  <ItemGroup>
    <ResourceCompile Include="..\..\torcs.rc">
      <Filter>Source Files</Filter>
    </ResourceCompile>
  </ItemGroup>
  <ItemGroup>
    <ClInclude Include="..\libs\torcs\driverconfig.h">
      <Filter>Header Files</Filter>
    </ClInclude>
    <ClInclude Include="..\libs\torcs\exitmenu.h">
      <Filter>Header Files</Filter>
    </ClInclude>
    <ClInclude Include="..\libs\torcs\mainmenu.h">
      <Filter>Header Files</Filter>
    </ClInclude>
    <ClInclude Include="..\libs\torcs\optionmenu.h">
      <Filter>Header Files</Filter>
    </ClInclude>
    <ClInclude Include="osspec.h">
      <Filter>Header Files</Filter>
    </ClInclude>
    <ClInclude Include="..\libs\torcs\raceman.h">
      <Filter>Header Files</Filter>
    </ClInclude>
    <ClInclude Include="..\libs\torcs\splash.h">
      <Filter>Header Files</Filter>
    </ClInclude>
    <ClInclude Include="..\libs\torcs\torcs.h">
      <Filter>Header Files</Filter>
    </ClInclude>
    <ClInclude Include="windowsspec.h">
      <Filter>Header Files</Filter>
    </ClInclude>
  </ItemGroup>
  <ItemGroup>
    <Image Include="..\..\Ticon.ico" />
  </ItemGroup>
</Project>