<?xml version="1.0" encoding="utf-8"?>
<Project ToolsVersion="4.0" xmlns="http://schemas.microsoft.com/developer/msbuild/2003">
  <ItemGroup>
    <Filter Include="Source Files">
      <UniqueIdentifier>{6eb53533-6961-40a9-aee1-7f0924c0e39f}</UniqueIdentifier>
      <Extensions>cpp;c;cxx;rc;def;r;odl;idl;hpj;bat</Extensions>
    </Filter>
    <Filter Include="Header Files">
      <UniqueIdentifier>{f9c63279-79c5-48c2-aaf5-e73c6f27a88b}</UniqueIdentifier>
      <Extensions>h;hpp;hxx;hm;inl</Extensions>
    </Filter>
    <Filter Include="Resource Files">
      <UniqueIdentifier>{e5425505-91e2-4624-bcac-efe5f85dc273}</UniqueIdentifier>
      <Extensions>ico;cur;bmp;dlg;rc2;rct;bin;rgs;gif;jpg;jpeg;jpe</Extensions>
    </Filter>
  </ItemGroup>
  <ItemGroup>
    <ClCompile Include="ac3dgroup.cpp">
      <Filter>Source Files</Filter>
    </ClCompile>
    <ClCompile Include="ac3dload.cpp">
      <Filter>Source Files</Filter>
    </ClCompile>
    <ClCompile Include="mainaccc.cpp">
      <Filter>Source Files</Filter>
    </ClCompile>
  </ItemGroup>
  <ItemGroup>
    <ClInclude Include="accc.h">
      <Filter>Header Files</Filter>
    </ClInclude>
  </ItemGroup>
</Project>