<?xml version="1.0" encoding="utf-8"?>
<Project ToolsVersion="4.0" xmlns="http://schemas.microsoft.com/developer/msbuild/2003">
  <ItemGroup>
    <Filter Include="Source Files">
      <UniqueIdentifier>{5d687900-25e5-4791-80cf-3b0607f3471a}</UniqueIdentifier>
      <Extensions>cpp;c;cxx;rc;def;r;odl;idl;hpj;bat</Extensions>
    </Filter>
    <Filter Include="Header Files">
      <UniqueIdentifier>{e353bb5b-b47f-41db-9817-e7c9ce183695}</UniqueIdentifier>
      <Extensions>h;hpp;hxx;hm;inl</Extensions>
    </Filter>
  </ItemGroup>
  <ItemGroup>
    <ClCompile Include="CarSoundData.cpp">
      <Filter>Source Files</Filter>
    </ClCompile>
    <ClCompile Include="grboard.cpp">
      <Filter>Source Files</Filter>
    </ClCompile>
    <ClCompile Include="grcam.cpp">
      <Filter>Source Files</Filter>
    </ClCompile>
    <ClCompile Include="grcar.cpp">
      <Filter>Source Files</Filter>
    </ClCompile>
    <ClCompile Include="grcarlight.cpp">
      <Filter>Source Files</Filter>
    </ClCompile>
    <ClCompile Include="grloadac.cpp">
      <Filter>Source Files</Filter>
    </ClCompile>
    <ClCompile Include="grmain.cpp">
      <Filter>Source Files</Filter>
    </ClCompile>
    <ClCompile Include="grmultitexstate.cpp">
      <Filter>Source Files</Filter>
    </ClCompile>
    <ClCompile Include="grscene.cpp">
      <Filter>Source Files</Filter>
    </ClCompile>
    <ClCompile Include="grscreen.cpp">
      <Filter>Source Files</Filter>
    </ClCompile>
    <ClCompile Include="grshadow.cpp">
      <Filter>Source Files</Filter>
    </ClCompile>
    <ClCompile Include="grskidmarks.cpp">
      <Filter>Source Files</Filter>
    </ClCompile>
    <ClCompile Include="grsmoke.cpp">
      <Filter>Source Files</Filter>
    </ClCompile>
    <ClCompile Include="grsound.cpp">
      <Filter>Source Files</Filter>
    </ClCompile>
    <ClCompile Include="grtexture.cpp">
      <Filter>Source Files</Filter>
    </ClCompile>
    <ClCompile Include="grtrackmap.cpp">
      <Filter>Source Files</Filter>
    </ClCompile>
    <ClCompile Include="grutil.cpp">
      <Filter>Source Files</Filter>
    </ClCompile>
    <ClCompile Include="grvtxtable.cpp">
      <Filter>Source Files</Filter>
    </ClCompile>
    <ClCompile Include="OpenalSoundInterface.cpp">
      <Filter>Source Files</Filter>
    </ClCompile>
    <ClCompile Include="PlibSoundInterface.cpp">
      <Filter>Source Files</Filter>
    </ClCompile>
    <ClCompile Include="SoundInterface.cpp">
      <Filter>Source Files</Filter>
    </ClCompile>
    <ClCompile Include="ssggraph.cpp">
      <Filter>Source Files</Filter>
    </ClCompile>
    <ClCompile Include="TorcsSound.cpp">
      <Filter>Source Files</Filter>
    </ClCompile>
  </ItemGroup>
  <ItemGroup>
    <ClInclude Include="grboard.h">
      <Filter>Header Files</Filter>
    </ClInclude>
    <ClInclude Include="grcam.h">
      <Filter>Header Files</Filter>
    </ClInclude>
    <ClInclude Include="grcar.h">
      <Filter>Header Files</Filter>
    </ClInclude>
    <ClInclude Include="grmain.h">
      <Filter>Header Files</Filter>
    </ClInclude>
    <ClInclude Include="grmultitexstate.h">
      <Filter>Header Files</Filter>
    </ClInclude>
    <ClInclude Include="grscene.h">
      <Filter>Header Files</Filter>
    </ClInclude>
    <ClInclude Include="grshadow.h">
      <Filter>Header Files</Filter>
    </ClInclude>
    <ClInclude Include="grskidmarks.h">
      <Filter>Header Files</Filter>
    </ClInclude>
    <ClInclude Include="grsmoke.h">
      <Filter>Header Files</Filter>
    </ClInclude>
    <ClInclude Include="grsound.h">
      <Filter>Header Files</Filter>
    </ClInclude>
    <ClInclude Include="grssgext.h">
      <Filter>Header Files</Filter>
    </ClInclude>
    <ClInclude Include="grtrackmap.h">
      <Filter>Header Files</Filter>
    </ClInclude>
    <ClInclude Include="grutil.h">
      <Filter>Header Files</Filter>
    </ClInclude>
    <ClInclude Include="grvtxtable.h">
      <Filter>Header Files</Filter>
    </ClInclude>
  </ItemGroup>
</Project>