<?xml version="1.0" encoding="utf-8"?>
<Project ToolsVersion="4.0" xmlns="http://schemas.microsoft.com/developer/msbuild/2003">
  <ItemGroup>
    <Filter Include="Source Files">
      <UniqueIdentifier>{86993502-0183-4baf-9f54-dbe7d80e9fb9}</UniqueIdentifier>
      <Extensions>cpp;c;cxx;rc;def;r;odl;idl;hpj;bat</Extensions>
    </Filter>
    <Filter Include="Header Files">
      <UniqueIdentifier>{e614e736-bc41-4e2f-835a-6182f6c64f50}</UniqueIdentifier>
      <Extensions>h;hpp;hxx;hm;inl</Extensions>
    </Filter>
  </ItemGroup>
  <ItemGroup>
    <ClCompile Include="berniw2.cpp">
      <Filter>Source Files</Filter>
    </ClCompile>
    <ClCompile Include="mycar.cpp">
      <Filter>Source Files</Filter>
    </ClCompile>
    <ClCompile Include="pathfinder.cpp">
      <Filter>Source Files</Filter>
    </ClCompile>
    <ClCompile Include="spline.cpp">
      <Filter>Source Files</Filter>
    </ClCompile>
    <ClCompile Include="trackdesc.cpp">
      <Filter>Source Files</Filter>
    </ClCompile>
  </ItemGroup>
  <ItemGroup>
    <None Include="berniw2.def">
      <Filter>Source Files</Filter>
    </None>
  </ItemGroup>
  <ItemGroup>
    <ClInclude Include="berniw.h">
      <Filter>Header Files</Filter>
    </ClInclude>
    <ClInclude Include="linalg.h">
      <Filter>Header Files</Filter>
    </ClInclude>
    <ClInclude Include="mycar.h">
      <Filter>Header Files</Filter>
    </ClInclude>
    <ClInclude Include="pathfinder.h">
      <Filter>Header Files</Filter>
    </ClInclude>
    <ClInclude Include="spline.h">
      <Filter>Header Files</Filter>
    </ClInclude>
    <ClInclude Include="trackdesc.h">
      <Filter>Header Files</Filter>
    </ClInclude>
  </ItemGroup>
</Project>