<?xml version="1.0" encoding="utf-8"?>
<Project ToolsVersion="4.0" xmlns="http://schemas.microsoft.com/developer/msbuild/2003">
  <ItemGroup>
    <Filter Include="Quellcodedateien">
      <UniqueIdentifier>{fdd52c18-e1e6-4681-81fe-a3a3978a3cc6}</UniqueIdentifier>
      <Extensions>cpp;c;cxx;rc;def;r;odl;idl;hpj;bat</Extensions>
    </Filter>
    <Filter Include="Header-Dateien">
      <UniqueIdentifier>{8460c33d-c691-48e1-80cf-db1e267efa9a}</UniqueIdentifier>
      <Extensions>h;hpp;hxx;hm;inl</Extensions>
    </Filter>
    <Filter Include="Ressourcendateien">
      <UniqueIdentifier>{34abcdac-bbb2-467f-916d-825d836e8a6d}</UniqueIdentifier>
      <Extensions>ico;cur;bmp;dlg;rc2;rct;bin;rgs;gif;jpg;jpeg;jpe</Extensions>
    </Filter>
  </ItemGroup>
  <ItemGroup>
    <ClCompile Include="ANN.cpp">
      <Filter>Quellcodedateien</Filter>
    </ClCompile>
    <ClCompile Include="ann_policy.cpp">
      <Filter>Quellcodedateien</Filter>
    </ClCompile>
    <ClCompile Include="Distribution.cpp">
      <Filter>Quellcodedateien</Filter>
    </ClCompile>
    <ClCompile Include="List.cpp">
      <Filter>Quellcodedateien</Filter>
    </ClCompile>
    <ClCompile Include="MathFunctions.cpp">
      <Filter>Quellcodedateien</Filter>
    </ClCompile>
    <ClCompile Include="policy.cpp">
      <Filter>Quellcodedateien</Filter>
    </ClCompile>
    <ClCompile Include="string_utils.cpp">
      <Filter>Quellcodedateien</Filter>
    </ClCompile>
  </ItemGroup>
  <ItemGroup>
    <None Include="learning.def">
      <Filter>Quellcodedateien</Filter>
    </None>
  </ItemGroup>
  <ItemGroup>
    <ClInclude Include="ANN.h">
      <Filter>Header-Dateien</Filter>
    </ClInclude>
    <ClInclude Include="ann_policy.h">
      <Filter>Header-Dateien</Filter>
    </ClInclude>
    <ClInclude Include="Distribution.h">
      <Filter>Header-Dateien</Filter>
    </ClInclude>
    <ClInclude Include="learn_debug.h">
      <Filter>Header-Dateien</Filter>
    </ClInclude>
    <ClInclude Include="List.h">
      <Filter>Header-Dateien</Filter>
    </ClInclude>
    <ClInclude Include="MathFunctions.h">
      <Filter>Header-Dateien</Filter>
    </ClInclude>
    <ClInclude Include="policy.h">
      <Filter>Header-Dateien</Filter>
    </ClInclude>
    <ClInclude Include="real.h">
      <Filter>Header-Dateien</Filter>
    </ClInclude>
    <ClInclude Include="string_utils.h">
      <Filter>Header-Dateien</Filter>
    </ClInclude>
  </ItemGroup>
</Project>