<?xml version="1.0" encoding="utf-8"?>
<Project ToolsVersion="4.0" xmlns="http://schemas.microsoft.com/developer/msbuild/2003">
  <ItemGroup>
    <Filter Include="Source Files">
      <UniqueIdentifier>{a908f19b-3d31-4048-ad0b-a0d5cda6d15b}</UniqueIdentifier>
      <Extensions>cpp;c;cxx;rc;def;r;odl;idl;hpj;bat</Extensions>
    </Filter>
    <Filter Include="Header Files">
      <UniqueIdentifier>{484166a4-2326-4326-83c8-2744785b202e}</UniqueIdentifier>
      <Extensions>h;hpp;hxx;hm;inl</Extensions>
    </Filter>
  </ItemGroup>
  <ItemGroup>
    <ClCompile Include="track.cpp">
      <Filter>Source Files</Filter>
    </ClCompile>
    <ClCompile Include="track3.cpp">
      <Filter>Source Files</Filter>
    </ClCompile>
    <ClCompile Include="track4.cpp">
      <Filter>Source Files</Filter>
    </ClCompile>
    <ClCompile Include="trackitf.cpp">
      <Filter>Source Files</Filter>
    </ClCompile>
    <ClCompile Include="trackutil.cpp">
      <Filter>Source Files</Filter>
    </ClCompile>
  </ItemGroup>
  <ItemGroup>
    <None Include="track.def">
      <Filter>Source Files</Filter>
    </None>
  </ItemGroup>
  <ItemGroup>
    <ClInclude Include="trackinc.h">
      <Filter>Header Files</Filter>
    </ClInclude>
  </ItemGroup>
</Project>