<?xml version="1.0" encoding="utf-8"?>
<Project ToolsVersion="4.0" xmlns="http://schemas.microsoft.com/developer/msbuild/2003">
  <ItemGroup>
    <Filter Include="Source Files">
      <UniqueIdentifier>{5bc76ec9-6191-4b18-9181-65288155f2b8}</UniqueIdentifier>
      <Extensions>cpp;c;cxx;rc;def;r;odl;idl;hpj;bat</Extensions>
    </Filter>
    <Filter Include="Header Files">
      <UniqueIdentifier>{7459a48d-6875-4aa9-b9a4-ff3b2b6591ec}</UniqueIdentifier>
      <Extensions>h;hpp;hxx;hm;inl</Extensions>
    </Filter>
  </ItemGroup>
  <ItemGroup>
    <ClCompile Include="src\BBoxTree.cpp">
      <Filter>Source Files</Filter>
    </ClCompile>
    <ClCompile Include="src\Box.cpp">
      <Filter>Source Files</Filter>
    </ClCompile>
    <ClCompile Include="src\C-api.cpp">
      <Filter>Source Files</Filter>
    </ClCompile>
    <ClCompile Include="src\Complex.cpp">
      <Filter>Source Files</Filter>
    </ClCompile>
    <ClCompile Include="src\Cone.cpp">
      <Filter>Source Files</Filter>
    </ClCompile>
    <ClCompile Include="src\Convex.cpp">
      <Filter>Source Files</Filter>
    </ClCompile>
    <ClCompile Include="src\Cylinder.cpp">
      <Filter>Source Files</Filter>
    </ClCompile>
    <ClCompile Include="src\Endpoint.cpp">
      <Filter>Source Files</Filter>
    </ClCompile>
    <ClCompile Include="src\Object.cpp">
      <Filter>Source Files</Filter>
    </ClCompile>
    <ClCompile Include="src\Polygon.cpp">
      <Filter>Source Files</Filter>
    </ClCompile>
    <ClCompile Include="src\Polyhedron.cpp">
      <Filter>Source Files</Filter>
    </ClCompile>
    <ClCompile Include="src\Response.cpp">
      <Filter>Source Files</Filter>
    </ClCompile>
    <ClCompile Include="src\RespTable.cpp">
      <Filter>Source Files</Filter>
    </ClCompile>
    <ClCompile Include="src\Simplex.cpp">
      <Filter>Source Files</Filter>
    </ClCompile>
    <ClCompile Include="src\Sphere.cpp">
      <Filter>Source Files</Filter>
    </ClCompile>
    <ClCompile Include="src\Transform.cpp">
      <Filter>Source Files</Filter>
    </ClCompile>
  </ItemGroup>
  <ItemGroup>
    <ClInclude Include="src\AlgoTable.h">
      <Filter>Header Files</Filter>
    </ClInclude>
    <ClInclude Include="src\BBox.h">
      <Filter>Header Files</Filter>
    </ClInclude>
    <ClInclude Include="src\BBoxTree.h">
      <Filter>Header Files</Filter>
    </ClInclude>
    <ClInclude Include="src\Box.h">
      <Filter>Header Files</Filter>
    </ClInclude>
    <ClInclude Include="src\Complex.h">
      <Filter>Header Files</Filter>
    </ClInclude>
    <ClInclude Include="src\Cone.h">
      <Filter>Header Files</Filter>
    </ClInclude>
    <ClInclude Include="src\Convex.h">
      <Filter>Header Files</Filter>
    </ClInclude>
    <ClInclude Include="src\Cylinder.h">
      <Filter>Header Files</Filter>
    </ClInclude>
    <ClInclude Include="src\Encounter.h">
      <Filter>Header Files</Filter>
    </ClInclude>
    <ClInclude Include="src\Endpoint.h">
      <Filter>Header Files</Filter>
    </ClInclude>
    <ClInclude Include="src\IndexArray.h">
      <Filter>Header Files</Filter>
    </ClInclude>
    <ClInclude Include="src\Object.h">
      <Filter>Header Files</Filter>
    </ClInclude>
    <ClInclude Include="src\Polygon.h">
      <Filter>Header Files</Filter>
    </ClInclude>
    <ClInclude Include="src\Polyhedron.h">
      <Filter>Header Files</Filter>
    </ClInclude>
    <ClInclude Include="src\Polytope.h">
      <Filter>Header Files</Filter>
    </ClInclude>
    <ClInclude Include="src\Response.h">
      <Filter>Header Files</Filter>
    </ClInclude>
    <ClInclude Include="src\RespTable.h">
      <Filter>Header Files</Filter>
    </ClInclude>
    <ClInclude Include="src\Shape.h">
      <Filter>Header Files</Filter>
    </ClInclude>
    <ClInclude Include="src\Simplex.h">
      <Filter>Header Files</Filter>
    </ClInclude>
    <ClInclude Include="src\Sphere.h">
      <Filter>Header Files</Filter>
    </ClInclude>
    <ClInclude Include="src\Transform.h">
      <Filter>Header Files</Filter>
    </ClInclude>
    <ClInclude Include="src\VertexBase.h">
      <Filter>Header Files</Filter>
    </ClInclude>
  </ItemGroup>
  <ItemGroup>
    <None Include="ClassDiagram.cd" />
  </ItemGroup>
</Project>