<?xml version="1.0" encoding="utf-8"?>
<Project ToolsVersion="4.0" xmlns="http://schemas.microsoft.com/developer/msbuild/2003">
  <ItemGroup>
    <Filter Include="Source Files">
      <UniqueIdentifier>{181d46c9-0928-4e2d-8a58-217f926167be}</UniqueIdentifier>
      <Extensions>cpp;c;cxx;rc;def;r;odl;idl;hpj;bat</Extensions>
    </Filter>
    <Filter Include="Header Files">
      <UniqueIdentifier>{820983b9-b929-4b7a-8145-6cededdfdbf4}</UniqueIdentifier>
      <Extensions>h;hpp;hxx;hm;inl</Extensions>
    </Filter>
    <Filter Include="Resource Files">
      <UniqueIdentifier>{2b92a90d-e70a-4281-8c41-c2072e26c034}</UniqueIdentifier>
      <Extensions>ico;cur;bmp;dlg;rc2;rct;bin;rgs;gif;jpg;jpeg;jpe</Extensions>
    </Filter>
    <Filter Include="Header Files\torcsAdaptive">
      <UniqueIdentifier>{8d743af4-bed8-4d16-8e17-605c03026b6c}</UniqueIdentifier>
    </Filter>
    <Filter Include="Source Files\torcsAdaptive">
      <UniqueIdentifier>{a371d380-41cd-4f3d-a53c-f980c8e465ce}</UniqueIdentifier>
    </Filter>
  </ItemGroup>
  <ItemGroup>
    <ClCompile Include="..\tgfclient\control.cpp">
      <Filter>Source Files</Filter>
    </ClCompile>
    <ClCompile Include="..\confscreens\controlconfig.cpp">
      <Filter>Source Files</Filter>
    </ClCompile>
    <ClCompile Include="..\confscreens\driverconfig.cpp">
      <Filter>Source Files</Filter>
    </ClCompile>
    <ClCompile Include="..\racescreens\driverselect.cpp">
      <Filter>Source Files</Filter>
    </ClCompile>
    <ClCompile Include="entry.cpp">
      <Filter>Source Files</Filter>
    </ClCompile>
    <ClCompile Include="exitmenu.cpp">
      <Filter>Source Files</Filter>
    </ClCompile>
    <ClCompile Include="..\racescreens\fileselect.cpp">
      <Filter>Source Files</Filter>
    </ClCompile>
    <ClCompile Include="..\tgfclient\glfeatures.cpp">
      <Filter>Source Files</Filter>
    </ClCompile>
    <ClCompile Include="..\confscreens\graphconfig.cpp">
      <Filter>Source Files</Filter>
    </ClCompile>
    <ClCompile Include="..\tgfclient\gui.cpp">
      <Filter>Source Files</Filter>
    </ClCompile>
    <ClCompile Include="..\tgfclient\guibutton.cpp">
      <Filter>Source Files</Filter>
    </ClCompile>
    <ClCompile Include="..\tgfclient\guiedit.cpp">
      <Filter>Source Files</Filter>
    </ClCompile>
    <ClCompile Include="..\tgfclient\guifont.cpp">
      <Filter>Source Files</Filter>
    </ClCompile>
    <ClCompile Include="..\tgfclient\guihelp.cpp">
      <Filter>Source Files</Filter>
    </ClCompile>
    <ClCompile Include="..\tgfclient\guiimage.cpp">
      <Filter>Source Files</Filter>
    </ClCompile>
    <ClCompile Include="..\tgfclient\guilabel.cpp">
      <Filter>Source Files</Filter>
    </ClCompile>
    <ClCompile Include="..\tgfclient\guimenu.cpp">
      <Filter>Source Files</Filter>
    </ClCompile>
    <ClCompile Include="..\tgfclient\guiobject.cpp">
      <Filter>Source Files</Filter>
    </ClCompile>
    <ClCompile Include="..\tgfclient\guiscrollbar.cpp">
      <Filter>Source Files</Filter>
    </ClCompile>
    <ClCompile Include="..\tgfclient\guiscrollist.cpp">
      <Filter>Source Files</Filter>
    </ClCompile>
    <ClCompile Include="..\tgfclient\img.cpp">
      <Filter>Source Files</Filter>
    </ClCompile>
    <ClCompile Include="..\confscreens\joystickconfig.cpp">
      <Filter>Source Files</Filter>
    </ClCompile>
    <ClCompile Include="..\racescreens\loadingscreen.cpp">
      <Filter>Source Files</Filter>
    </ClCompile>
    <ClCompile Include="mainmenu.cpp">
      <Filter>Source Files</Filter>
    </ClCompile>
    <ClCompile Include="..\racescreens\miscscreens.cpp">
      <Filter>Source Files</Filter>
    </ClCompile>
    <ClCompile Include="..\confscreens\mouseconfig.cpp">
      <Filter>Source Files</Filter>
    </ClCompile>
    <ClCompile Include="..\musicplayer\musicplayer.cpp">
      <Filter>Source Files</Filter>
    </ClCompile>
    <ClCompile Include="..\musicplayer\OggSoundStream.cpp">
      <Filter>Source Files</Filter>
    </ClCompile>
    <ClCompile Include="..\musicplayer\OpenALMusicPlayer.cpp">
      <Filter>Source Files</Filter>
    </ClCompile>
    <ClCompile Include="..\confscreens\openglconfig.cpp">
      <Filter>Source Files</Filter>
    </ClCompile>
    <ClCompile Include="optionmenu.cpp">
      <Filter>Source Files</Filter>
    </ClCompile>
    <ClCompile Include="..\racescreens\pitmenu.cpp">
      <Filter>Source Files</Filter>
    </ClCompile>
    <ClCompile Include="..\raceengineclient\raceengine.cpp">
      <Filter>Source Files</Filter>
    </ClCompile>
    <ClCompile Include="..\raceengineclient\racegl.cpp">
      <Filter>Source Files</Filter>
    </ClCompile>
    <ClCompile Include="..\raceengineclient\raceinit.cpp">
      <Filter>Source Files</Filter>
    </ClCompile>
    <ClCompile Include="..\raceengineclient\racemain.cpp">
      <Filter>Source Files</Filter>
    </ClCompile>
    <ClCompile Include="..\raceengineclient\racemanmenu.cpp">
      <Filter>Source Files</Filter>
    </ClCompile>
    <ClCompile Include="..\racescreens\racemenu.cpp">
      <Filter>Source Files</Filter>
    </ClCompile>
    <ClCompile Include="..\raceengineclient\raceresults.cpp">
      <Filter>Source Files</Filter>
    </ClCompile>
    <ClCompile Include="..\raceengineclient\racestate.cpp">
      <Filter>Source Files</Filter>
    </ClCompile>
    <ClCompile Include="..\racescreens\results.cpp">
      <Filter>Source Files</Filter>
    </ClCompile>
    <ClCompile Include="..\tgfclient\screen.cpp">
      <Filter>Source Files</Filter>
    </ClCompile>
    <ClCompile Include="..\confscreens\simuconfig.cpp">
      <Filter>Source Files</Filter>
    </ClCompile>
    <ClCompile Include="..\raceengineclient\singleplayer.cpp">
      <Filter>Source Files</Filter>
    </ClCompile>
    <ClCompile Include="..\confscreens\soundconfig.cpp">
      <Filter>Source Files</Filter>
    </ClCompile>
    <ClCompile Include="..\musicplayer\SoundStream.cpp">
      <Filter>Source Files</Filter>
    </ClCompile>
    <ClCompile Include="splash.cpp">
      <Filter>Source Files</Filter>
    </ClCompile>
    <ClCompile Include="..\tgfclient\tgfclient.cpp">
      <Filter>Source Files</Filter>
    </ClCompile>
    <ClCompile Include="..\racescreens\trackselect.cpp">
      <Filter>Source Files</Filter>
    </ClCompile>
    <ClCompile Include="..\raceengineclient\torcsAdaptive\torcsAdaptive.cpp">
      <Filter>Source Files\torcsAdaptive</Filter>
    </ClCompile>
  </ItemGroup>
  <ItemGroup>
    <ClInclude Include="client.h">
      <Filter>Header Files</Filter>
    </ClInclude>
    <ClInclude Include="driverconfig.h">
      <Filter>Header Files</Filter>
    </ClInclude>
    <ClInclude Include="exitmenu.h">
      <Filter>Header Files</Filter>
    </ClInclude>
    <ClInclude Include="mainmenu.h">
      <Filter>Header Files</Filter>
    </ClInclude>
    <ClInclude Include="optionmenu.h">
      <Filter>Header Files</Filter>
    </ClInclude>
    <ClInclude Include="splash.h">
      <Filter>Header Files</Filter>
    </ClInclude>
    <ClInclude Include="..\raceengineclient\torcsAdaptive\torcsAdaptive.h">
      <Filter>Header Files\torcsAdaptive</Filter>
    </ClInclude>
  </ItemGroup>
  <ItemGroup>
    <CustomBuild Include="client.def">
      <Filter>Source Files</Filter>
    </CustomBuild>
  </ItemGroup>
</Project>