<?xml version="1.0" encoding="utf-8"?>
<Project ToolsVersion="4.0" xmlns="http://schemas.microsoft.com/developer/msbuild/2003">
  <ItemGroup>
    <Filter Include="Quellcodedateien">
      <UniqueIdentifier>{1b9e691f-89d7-43ca-9db6-6aa0838c1b23}</UniqueIdentifier>
      <Extensions>cpp;c;cxx;rc;def;r;odl;idl;hpj;bat</Extensions>
    </Filter>
    <Filter Include="Header-Dateien">
      <UniqueIdentifier>{f41cfd2e-4189-4de7-8fbc-6b6402683d42}</UniqueIdentifier>
      <Extensions>h;hpp;hxx;hm;inl</Extensions>
    </Filter>
  </ItemGroup>
  <ItemGroup>
    <ClCompile Include="cardata.cpp">
      <Filter>Quellcodedateien</Filter>
    </ClCompile>
    <ClCompile Include="driver.cpp">
      <Filter>Quellcodedateien</Filter>
    </ClCompile>
    <ClCompile Include="geometry.cpp">
      <Filter>Quellcodedateien</Filter>
    </ClCompile>
    <ClCompile Include="learn.cpp">
      <Filter>Quellcodedateien</Filter>
    </ClCompile>
    <ClCompile Include="..\..\libs\learning\MathFunctions.cpp">
      <Filter>Quellcodedateien</Filter>
    </ClCompile>
    <ClCompile Include="olethros.cpp">
      <Filter>Quellcodedateien</Filter>
    </ClCompile>
    <ClCompile Include="opponent.cpp">
      <Filter>Quellcodedateien</Filter>
    </ClCompile>
    <ClCompile Include="pit.cpp">
      <Filter>Quellcodedateien</Filter>
    </ClCompile>
    <ClCompile Include="spline.cpp">
      <Filter>Quellcodedateien</Filter>
    </ClCompile>
    <ClCompile Include="strategy.cpp">
      <Filter>Quellcodedateien</Filter>
    </ClCompile>
    <ClCompile Include="TrackData.cpp">
      <Filter>Quellcodedateien</Filter>
    </ClCompile>
    <ClCompile Include="Trajectory.cpp">
      <Filter>Quellcodedateien</Filter>
    </ClCompile>
  </ItemGroup>
  <ItemGroup>
    <None Include="olethros.def">
      <Filter>Quellcodedateien</Filter>
    </None>
  </ItemGroup>
  <ItemGroup>
    <ClInclude Include="cardata.h">
      <Filter>Header-Dateien</Filter>
    </ClInclude>
    <ClInclude Include="driver.h">
      <Filter>Header-Dateien</Filter>
    </ClInclude>
    <ClInclude Include="geometry.h">
      <Filter>Header-Dateien</Filter>
    </ClInclude>
    <ClInclude Include="learn.h">
      <Filter>Header-Dateien</Filter>
    </ClInclude>
    <ClInclude Include="linalg.h">
      <Filter>Header-Dateien</Filter>
    </ClInclude>
    <ClInclude Include="opponent.h">
      <Filter>Header-Dateien</Filter>
    </ClInclude>
    <ClInclude Include="pit.h">
      <Filter>Header-Dateien</Filter>
    </ClInclude>
    <ClInclude Include="spline.h">
      <Filter>Header-Dateien</Filter>
    </ClInclude>
    <ClInclude Include="strategy.h">
      <Filter>Header-Dateien</Filter>
    </ClInclude>
    <ClInclude Include="TrackData.h">
      <Filter>Header-Dateien</Filter>
    </ClInclude>
    <ClInclude Include="Trajectory.h">
      <Filter>Header-Dateien</Filter>
    </ClInclude>
  </ItemGroup>
</Project>